uuid: d8648b29-26f7-446f-ad73-b21083107a73
langcode: en
status: true
dependencies:
  module:
    - block_visibility_groups
    - esars
    - system
  theme:
    - miramar
id: esarsblock
theme: miramar
region: content
weight: 0
provider: null
plugin: esars_block
settings:
  id: esars_block
  label: 'eSARS block'
  provider: esars
  label_display: '0'
visibility:
  condition_group:
    id: condition_group
    negate: false
    block_visibility_group: ''
    context_mapping: {  }
  request_path:
    id: request_path
    pages: /campus/counseling/esars
    negate: false
    context_mapping: {  }
