uuid: 4dd71e80-3e11-4732-bbac-3a2c96745dee
langcode: en
status: true
dependencies:
  module:
    - block_visibility_groups
    - onesearch
    - system
  theme:
    - miramar
id: onesearchblock
theme: miramar
region: content
weight: -33
provider: null
plugin: onesearch_search__block
settings:
  id: onesearch_search__block
  label: 'OneSearch block'
  provider: onesearch
  label_display: '0'
visibility:
  condition_group:
    id: condition_group
    negate: false
    block_visibility_group: ''
    context_mapping: {  }
  request_path:
    id: request_path
    pages: /campus/lrc
    negate: false
    context_mapping: {  }
